// !$*UTF8*$!
{
	archiveVersion = 1;
	classes = {
	};
	objectVersion = 56;
	objects = {

/* Begin PBXBuildFile section */
		121A00462BBE4765000A9FDC /* Opponent.swift in Sources */ = {isa = PBXBuildFile; fileRef = 121A00452BBE4765000A9FDC /* Opponent.swift */; };
		121A00472BBE47A6000A9FDC /* Opponent.swift in Sources */ = {isa = PBXBuildFile; fileRef = 121A00452BBE4765000A9FDC /* Opponent.swift */; };
		121A00492BBE4843000A9FDC /* OpponentTest.swift in Sources */ = {isa = PBXBuildFile; fileRef = 121A00482BBE4843000A9FDC /* OpponentTest.swift */; };
		121A004D2BBE48F2000A9FDC /* NumberGenerator.swift in Sources */ = {isa = PBXBuildFile; fileRef = 121A004C2BBE48F2000A9FDC /* NumberGenerator.swift */; };
		121A004F2BBE4926000A9FDC /* RandomNumberGenerator.swift in Sources */ = {isa = PBXBuildFile; fileRef = 121A004E2BBE4926000A9FDC /* RandomNumberGenerator.swift */; };
		121A00502BBE4B2B000A9FDC /* NumberGenerator.swift in Sources */ = {isa = PBXBuildFile; fileRef = 121A004C2BBE48F2000A9FDC /* NumberGenerator.swift */; };
		121A00512BBE4B2B000A9FDC /* RandomNumberGenerator.swift in Sources */ = {isa = PBXBuildFile; fileRef = 121A004E2BBE4926000A9FDC /* RandomNumberGenerator.swift */; };
		121A00542BBE51B6000A9FDC /* InputView.swift in Sources */ = {isa = PBXBuildFile; fileRef = 121A00532BBE51B6000A9FDC /* InputView.swift */; };
		121A00582BC3DF5F000A9FDC /* UserBallTest.swift in Sources */ = {isa = PBXBuildFile; fileRef = 121A00572BC3DF5F000A9FDC /* UserBallTest.swift */; };
		121A005A2BC3DFDB000A9FDC /* UserBall.swift in Sources */ = {isa = PBXBuildFile; fileRef = 121A00592BC3DFDB000A9FDC /* UserBall.swift */; };
		121A005B2BC3E055000A9FDC /* UserBall.swift in Sources */ = {isa = PBXBuildFile; fileRef = 121A00592BC3DFDB000A9FDC /* UserBall.swift */; };
		121A00622BC40088000A9FDC /* Judgment.swift in Sources */ = {isa = PBXBuildFile; fileRef = 121A00612BC40088000A9FDC /* Judgment.swift */; };
		121A00642BC40098000A9FDC /* BallJudgment.swift in Sources */ = {isa = PBXBuildFile; fileRef = 121A00632BC40098000A9FDC /* BallJudgment.swift */; };
		121A006A2BC400E9000A9FDC /* BallJudgmentTest.swift in Sources */ = {isa = PBXBuildFile; fileRef = 121A00692BC400E9000A9FDC /* BallJudgmentTest.swift */; };
		121A006B2BC4088F000A9FDC /* Judgment.swift in Sources */ = {isa = PBXBuildFile; fileRef = 121A00612BC40088000A9FDC /* Judgment.swift */; };
		121A006C2BC4088F000A9FDC /* BallJudgment.swift in Sources */ = {isa = PBXBuildFile; fileRef = 121A00632BC40098000A9FDC /* BallJudgment.swift */; };
		121A00702BC40AB7000A9FDC /* StrikeJudgmentTest.swift in Sources */ = {isa = PBXBuildFile; fileRef = 121A006F2BC40AB7000A9FDC /* StrikeJudgmentTest.swift */; };
		121A00722BC40AE2000A9FDC /* StrikeJudgment.swift in Sources */ = {isa = PBXBuildFile; fileRef = 121A00712BC40AE2000A9FDC /* StrikeJudgment.swift */; };
		121A00732BC40DF8000A9FDC /* StrikeJudgment.swift in Sources */ = {isa = PBXBuildFile; fileRef = 121A00712BC40AE2000A9FDC /* StrikeJudgment.swift */; };
		121A00792BC40ED8000A9FDC /* NothingJudgmentTest.swift in Sources */ = {isa = PBXBuildFile; fileRef = 121A00782BC40ED8000A9FDC /* NothingJudgmentTest.swift */; };
		121A007B2BC4136A000A9FDC /* Referee.swift in Sources */ = {isa = PBXBuildFile; fileRef = 121A007A2BC4136A000A9FDC /* Referee.swift */; };
		121A007C2BC4136A000A9FDC /* Referee.swift in Sources */ = {isa = PBXBuildFile; fileRef = 121A007A2BC4136A000A9FDC /* Referee.swift */; };
		121A00812BC417F6000A9FDC /* RefereeTest.swift in Sources */ = {isa = PBXBuildFile; fileRef = 121A00802BC417F6000A9FDC /* RefereeTest.swift */; };
		121A00832BC41953000A9FDC /* OutputView.swift in Sources */ = {isa = PBXBuildFile; fileRef = 121A00822BC41953000A9FDC /* OutputView.swift */; };
		121A00852BC41E90000A9FDC /* BaseBallGameController.swift in Sources */ = {isa = PBXBuildFile; fileRef = 121A00842BC41E90000A9FDC /* BaseBallGameController.swift */; };
		12927E662BBE3C23008C5826 /* main.swift in Sources */ = {isa = PBXBuildFile; fileRef = 12927E652BBE3C23008C5826 /* main.swift */; };
/* End PBXBuildFile section */

/* Begin PBXContainerItemProxy section */
		12927E772BBE3C40008C5826 /* PBXContainerItemProxy */ = {
			isa = PBXContainerItemProxy;
			containerPortal = 12927E5A2BBE3C23008C5826 /* Project object */;
			proxyType = 1;
			remoteGlobalIDString = 12927E612BBE3C23008C5826;
			remoteInfo = BaseBall;
		};
/* End PBXContainerItemProxy section */

/* Begin PBXCopyFilesBuildPhase section */
		12927E602BBE3C23008C5826 /* CopyFiles */ = {
			isa = PBXCopyFilesBuildPhase;
			buildActionMask = 2147483647;
			dstPath = /usr/share/man/man1/;
			dstSubfolderSpec = 0;
			files = (
			);
			runOnlyForDeploymentPostprocessing = 1;
		};
/* End PBXCopyFilesBuildPhase section */

/* Begin PBXFileReference section */
		121A00452BBE4765000A9FDC /* Opponent.swift */ = {isa = PBXFileReference; lastKnownFileType = sourcecode.swift; path = Opponent.swift; sourceTree = "<group>"; };
		121A00482BBE4843000A9FDC /* OpponentTest.swift */ = {isa = PBXFileReference; lastKnownFileType = sourcecode.swift; path = OpponentTest.swift; sourceTree = "<group>"; };
		121A004C2BBE48F2000A9FDC /* NumberGenerator.swift */ = {isa = PBXFileReference; lastKnownFileType = sourcecode.swift; path = NumberGenerator.swift; sourceTree = "<group>"; };
		121A004E2BBE4926000A9FDC /* RandomNumberGenerator.swift */ = {isa = PBXFileReference; lastKnownFileType = sourcecode.swift; path = RandomNumberGenerator.swift; sourceTree = "<group>"; };
		121A00532BBE51B6000A9FDC /* InputView.swift */ = {isa = PBXFileReference; lastKnownFileType = sourcecode.swift; path = InputView.swift; sourceTree = "<group>"; };
		121A00572BC3DF5F000A9FDC /* UserBallTest.swift */ = {isa = PBXFileReference; lastKnownFileType = sourcecode.swift; path = UserBallTest.swift; sourceTree = "<group>"; };
		121A00592BC3DFDB000A9FDC /* UserBall.swift */ = {isa = PBXFileReference; lastKnownFileType = sourcecode.swift; path = UserBall.swift; sourceTree = "<group>"; };
		121A00612BC40088000A9FDC /* Judgment.swift */ = {isa = PBXFileReference; lastKnownFileType = sourcecode.swift; path = Judgment.swift; sourceTree = "<group>"; };
		121A00632BC40098000A9FDC /* BallJudgment.swift */ = {isa = PBXFileReference; lastKnownFileType = sourcecode.swift; path = BallJudgment.swift; sourceTree = "<group>"; };
		121A00692BC400E9000A9FDC /* BallJudgmentTest.swift */ = {isa = PBXFileReference; lastKnownFileType = sourcecode.swift; path = BallJudgmentTest.swift; sourceTree = "<group>"; };
		121A006F2BC40AB7000A9FDC /* StrikeJudgmentTest.swift */ = {isa = PBXFileReference; lastKnownFileType = sourcecode.swift; path = StrikeJudgmentTest.swift; sourceTree = "<group>"; };
		121A00712BC40AE2000A9FDC /* StrikeJudgment.swift */ = {isa = PBXFileReference; lastKnownFileType = sourcecode.swift; path = StrikeJudgment.swift; sourceTree = "<group>"; };
		121A00782BC40ED8000A9FDC /* NothingJudgmentTest.swift */ = {isa = PBXFileReference; lastKnownFileType = sourcecode.swift; path = NothingJudgmentTest.swift; sourceTree = "<group>"; };
		121A007A2BC4136A000A9FDC /* Referee.swift */ = {isa = PBXFileReference; lastKnownFileType = sourcecode.swift; path = Referee.swift; sourceTree = "<group>"; };
		121A00802BC417F6000A9FDC /* RefereeTest.swift */ = {isa = PBXFileReference; lastKnownFileType = sourcecode.swift; path = RefereeTest.swift; sourceTree = "<group>"; };
		121A00822BC41953000A9FDC /* OutputView.swift */ = {isa = PBXFileReference; lastKnownFileType = sourcecode.swift; path = OutputView.swift; sourceTree = "<group>"; };
		121A00842BC41E90000A9FDC /* BaseBallGameController.swift */ = {isa = PBXFileReference; lastKnownFileType = sourcecode.swift; path = BaseBallGameController.swift; sourceTree = "<group>"; };
		12927E622BBE3C23008C5826 /* BaseBall */ = {isa = PBXFileReference; explicitFileType = "compiled.mach-o.executable"; includeInIndex = 0; path = BaseBall; sourceTree = BUILT_PRODUCTS_DIR; };
		12927E652BBE3C23008C5826 /* main.swift */ = {isa = PBXFileReference; lastKnownFileType = sourcecode.swift; path = main.swift; sourceTree = "<group>"; };
		12927E702BBE3C34008C5826 /* BaseBallTest.xctest */ = {isa = PBXFileReference; explicitFileType = wrapper.cfbundle; includeInIndex = 0; path = BaseBallTest.xctest; sourceTree = BUILT_PRODUCTS_DIR; };
/* End PBXFileReference section */

/* Begin PBXFrameworksBuildPhase section */
		12927E5F2BBE3C23008C5826 /* Frameworks */ = {
			isa = PBXFrameworksBuildPhase;
			buildActionMask = 2147483647;
			files = (
			);
			runOnlyForDeploymentPostprocessing = 0;
		};
		12927E6D2BBE3C34008C5826 /* Frameworks */ = {
			isa = PBXFrameworksBuildPhase;
			buildActionMask = 2147483647;
			files = (
			);
			runOnlyForDeploymentPostprocessing = 0;
		};
/* End PBXFrameworksBuildPhase section */

/* Begin PBXGroup section */
		121A00442BBE4755000A9FDC /* domain */ = {
			isa = PBXGroup;
			children = (
				121A00602BC4006D000A9FDC /* Judgment */,
				121A004B2BBE48DD000A9FDC /* NumberGenerator */,
				121A00452BBE4765000A9FDC /* Opponent.swift */,
				121A00592BC3DFDB000A9FDC /* UserBall.swift */,
				121A007A2BC4136A000A9FDC /* Referee.swift */,
				121A00842BC41E90000A9FDC /* BaseBallGameController.swift */,
			);
			path = domain;
			sourceTree = "<group>";
		};
		121A004A2BBE4847000A9FDC /* domain */ = {
			isa = PBXGroup;
			children = (
				121A00662BC400C7000A9FDC /* Judgment */,
				121A00482BBE4843000A9FDC /* OpponentTest.swift */,
				121A00572BC3DF5F000A9FDC /* UserBallTest.swift */,
				121A00802BC417F6000A9FDC /* RefereeTest.swift */,
			);
			path = domain;
			sourceTree = "<group>";
		};
		121A004B2BBE48DD000A9FDC /* NumberGenerator */ = {
			isa = PBXGroup;
			children = (
				121A004C2BBE48F2000A9FDC /* NumberGenerator.swift */,
				121A004E2BBE4926000A9FDC /* RandomNumberGenerator.swift */,
			);
			path = NumberGenerator;
			sourceTree = "<group>";
		};
		121A00522BBE51A5000A9FDC /* view */ = {
			isa = PBXGroup;
			children = (
				121A00532BBE51B6000A9FDC /* InputView.swift */,
				121A00822BC41953000A9FDC /* OutputView.swift */,
			);
			path = view;
			sourceTree = "<group>";
		};
		121A00602BC4006D000A9FDC /* Judgment */ = {
			isa = PBXGroup;
			children = (
				121A00612BC40088000A9FDC /* Judgment.swift */,
				121A00632BC40098000A9FDC /* BallJudgment.swift */,
				121A00712BC40AE2000A9FDC /* StrikeJudgment.swift */,
			);
			path = Judgment;
			sourceTree = "<group>";
		};
		121A00662BC400C7000A9FDC /* Judgment */ = {
			isa = PBXGroup;
			children = (
				121A00692BC400E9000A9FDC /* BallJudgmentTest.swift */,
				121A006F2BC40AB7000A9FDC /* StrikeJudgmentTest.swift */,
				121A00782BC40ED8000A9FDC /* NothingJudgmentTest.swift */,
			);
			path = Judgment;
			sourceTree = "<group>";
		};
		12927E592BBE3C23008C5826 = {
			isa = PBXGroup;
			children = (
				12927E642BBE3C23008C5826 /* BaseBall */,
				12927E712BBE3C34008C5826 /* BaseBallTest */,
				12927E632BBE3C23008C5826 /* Products */,
			);
			sourceTree = "<group>";
		};
		12927E632BBE3C23008C5826 /* Products */ = {
			isa = PBXGroup;
			children = (
				12927E622BBE3C23008C5826 /* BaseBall */,
				12927E702BBE3C34008C5826 /* BaseBallTest.xctest */,
			);
			name = Products;
			sourceTree = "<group>";
		};
		12927E642BBE3C23008C5826 /* BaseBall */ = {
			isa = PBXGroup;
			children = (
				121A00522BBE51A5000A9FDC /* view */,
				121A00442BBE4755000A9FDC /* domain */,
				12927E652BBE3C23008C5826 /* main.swift */,
			);
			path = BaseBall;
			sourceTree = "<group>";
		};
		12927E712BBE3C34008C5826 /* BaseBallTest */ = {
			isa = PBXGroup;
			children = (
				121A004A2BBE4847000A9FDC /* domain */,
			);
			path = BaseBallTest;
			sourceTree = "<group>";
		};
/* End PBXGroup section */

/* Begin PBXNativeTarget section */
		12927E612BBE3C23008C5826 /* BaseBall */ = {
			isa = PBXNativeTarget;
			buildConfigurationList = 12927E692BBE3C23008C5826 /* Build configuration list for PBXNativeTarget "BaseBall" */;
			buildPhases = (
				12927E5E2BBE3C23008C5826 /* Sources */,
				12927E5F2BBE3C23008C5826 /* Frameworks */,
				12927E602BBE3C23008C5826 /* CopyFiles */,
			);
			buildRules = (
			);
			dependencies = (
			);
			name = BaseBall;
			productName = BaseBall;
			productReference = 12927E622BBE3C23008C5826 /* BaseBall */;
			productType = "com.apple.product-type.tool";
		};
		12927E6F2BBE3C34008C5826 /* BaseBallTest */ = {
			isa = PBXNativeTarget;
			buildConfigurationList = 12927E742BBE3C34008C5826 /* Build configuration list for PBXNativeTarget "BaseBallTest" */;
			buildPhases = (
				12927E6C2BBE3C34008C5826 /* Sources */,
				12927E6D2BBE3C34008C5826 /* Frameworks */,
				12927E6E2BBE3C34008C5826 /* Resources */,
			);
			buildRules = (
			);
			dependencies = (
				12927E782BBE3C40008C5826 /* PBXTargetDependency */,
			);
			name = BaseBallTest;
			productName = BaseBallTest;
			productReference = 12927E702BBE3C34008C5826 /* BaseBallTest.xctest */;
			productType = "com.apple.product-type.bundle.unit-test";
		};
/* End PBXNativeTarget section */

/* Begin PBXProject section */
		12927E5A2BBE3C23008C5826 /* Project object */ = {
			isa = PBXProject;
			attributes = {
				BuildIndependentTargetsInParallel = 1;
				LastSwiftUpdateCheck = 1530;
				LastUpgradeCheck = 1530;
				TargetAttributes = {
					12927E612BBE3C23008C5826 = {
						CreatedOnToolsVersion = 15.3;
					};
					12927E6F2BBE3C34008C5826 = {
						CreatedOnToolsVersion = 15.3;
					};
				};
			};
			buildConfigurationList = 12927E5D2BBE3C23008C5826 /* Build configuration list for PBXProject "BaseBall" */;
			compatibilityVersion = "Xcode 14.0";
			developmentRegion = en;
			hasScannedForEncodings = 0;
			knownRegions = (
				en,
				Base,
			);
			mainGroup = 12927E592BBE3C23008C5826;
			productRefGroup = 12927E632BBE3C23008C5826 /* Products */;
			projectDirPath = "";
			projectRoot = "";
			targets = (
				12927E612BBE3C23008C5826 /* BaseBall */,
				12927E6F2BBE3C34008C5826 /* BaseBallTest */,
			);
		};
/* End PBXProject section */

/* Begin PBXResourcesBuildPhase section */
		12927E6E2BBE3C34008C5826 /* Resources */ = {
			isa = PBXResourcesBuildPhase;
			buildActionMask = 2147483647;
			files = (
			);
			runOnlyForDeploymentPostprocessing = 0;
		};
/* End PBXResourcesBuildPhase section */

/* Begin PBXSourcesBuildPhase section */
		12927E5E2BBE3C23008C5826 /* Sources */ = {
			isa = PBXSourcesBuildPhase;
			buildActionMask = 2147483647;
			files = (
				121A005A2BC3DFDB000A9FDC /* UserBall.swift in Sources */,
				121A00722BC40AE2000A9FDC /* StrikeJudgment.swift in Sources */,
				121A00462BBE4765000A9FDC /* Opponent.swift in Sources */,
				121A007B2BC4136A000A9FDC /* Referee.swift in Sources */,
				121A00852BC41E90000A9FDC /* BaseBallGameController.swift in Sources */,
				121A004D2BBE48F2000A9FDC /* NumberGenerator.swift in Sources */,
				121A00542BBE51B6000A9FDC /* InputView.swift in Sources */,
				12927E662BBE3C23008C5826 /* main.swift in Sources */,
				121A00642BC40098000A9FDC /* BallJudgment.swift in Sources */,
				121A00622BC40088000A9FDC /* Judgment.swift in Sources */,
				121A004F2BBE4926000A9FDC /* RandomNumberGenerator.swift in Sources */,
				121A00832BC41953000A9FDC /* OutputView.swift in Sources */,
			);
			runOnlyForDeploymentPostprocessing = 0;
		};
		12927E6C2BBE3C34008C5826 /* Sources */ = {
			isa = PBXSourcesBuildPhase;
			buildActionMask = 2147483647;
			files = (
				121A00732BC40DF8000A9FDC /* StrikeJudgment.swift in Sources */,
				121A006B2BC4088F000A9FDC /* Judgment.swift in Sources */,
				121A006C2BC4088F000A9FDC /* BallJudgment.swift in Sources */,
				121A005B2BC3E055000A9FDC /* UserBall.swift in Sources */,
				121A00702BC40AB7000A9FDC /* StrikeJudgmentTest.swift in Sources */,
				121A00812BC417F6000A9FDC /* RefereeTest.swift in Sources */,
				121A00502BBE4B2B000A9FDC /* NumberGenerator.swift in Sources */,
				121A006A2BC400E9000A9FDC /* BallJudgmentTest.swift in Sources */,
				121A00582BC3DF5F000A9FDC /* UserBallTest.swift in Sources */,
				121A00792BC40ED8000A9FDC /* NothingJudgmentTest.swift in Sources */,
				121A00512BBE4B2B000A9FDC /* RandomNumberGenerator.swift in Sources */,
				121A00492BBE4843000A9FDC /* OpponentTest.swift in Sources */,
				121A007C2BC4136A000A9FDC /* Referee.swift in Sources */,
				121A00472BBE47A6000A9FDC /* Opponent.swift in Sources */,
			);
			runOnlyForDeploymentPostprocessing = 0;
		};
/* End PBXSourcesBuildPhase section */

/* Begin PBXTargetDependency section */
		12927E782BBE3C40008C5826 /* PBXTargetDependency */ = {
			isa = PBXTargetDependency;
			target = 12927E612BBE3C23008C5826 /* BaseBall */;
			targetProxy = 12927E772BBE3C40008C5826 /* PBXContainerItemProxy */;
		};
/* End PBXTargetDependency section */

/* Begin XCBuildConfiguration section */
		12927E672BBE3C23008C5826 /* Debug */ = {
			isa = XCBuildConfiguration;
			buildSettings = {
				ALWAYS_SEARCH_USER_PATHS = NO;
				ASSETCATALOG_COMPILER_GENERATE_SWIFT_ASSET_SYMBOL_EXTENSIONS = YES;
				CLANG_ANALYZER_NONNULL = YES;
				CLANG_ANALYZER_NUMBER_OBJECT_CONVERSION = YES_AGGRESSIVE;
				CLANG_CXX_LANGUAGE_STANDARD = "gnu++20";
				CLANG_ENABLE_MODULES = YES;
				CLANG_ENABLE_OBJC_ARC = YES;
				CLANG_ENABLE_OBJC_WEAK = YES;
				CLANG_WARN_BLOCK_CAPTURE_AUTORELEASING = YES;
				CLANG_WARN_BOOL_CONVERSION = YES;
				CLANG_WARN_COMMA = YES;
				CLANG_WARN_CONSTANT_CONVERSION = YES;
				CLANG_WARN_DEPRECATED_OBJC_IMPLEMENTATIONS = YES;
				CLANG_WARN_DIRECT_OBJC_ISA_USAGE = YES_ERROR;
				CLANG_WARN_DOCUMENTATION_COMMENTS = YES;
				CLANG_WARN_EMPTY_BODY = YES;
				CLANG_WARN_ENUM_CONVERSION = YES;
				CLANG_WARN_INFINITE_RECURSION = YES;
				CLANG_WARN_INT_CONVERSION = YES;
				CLANG_WARN_NON_LITERAL_NULL_CONVERSION = YES;
				CLANG_WARN_OBJC_IMPLICIT_RETAIN_SELF = YES;
				CLANG_WARN_OBJC_LITERAL_CONVERSION = YES;
				CLANG_WARN_OBJC_ROOT_CLASS = YES_ERROR;
				CLANG_WARN_QUOTED_INCLUDE_IN_FRAMEWORK_HEADER = YES;
				CLANG_WARN_RANGE_LOOP_ANALYSIS = YES;
				CLANG_WARN_STRICT_PROTOTYPES = YES;
				CLANG_WARN_SUSPICIOUS_MOVE = YES;
				CLANG_WARN_UNGUARDED_AVAILABILITY = YES_AGGRESSIVE;
				CLANG_WARN_UNREACHABLE_CODE = YES;
				CLANG_WARN__DUPLICATE_METHOD_MATCH = YES;
				COPY_PHASE_STRIP = NO;
				DEBUG_INFORMATION_FORMAT = dwarf;
				ENABLE_STRICT_OBJC_MSGSEND = YES;
				ENABLE_TESTABILITY = YES;
				ENABLE_USER_SCRIPT_SANDBOXING = YES;
				GCC_C_LANGUAGE_STANDARD = gnu17;
				GCC_DYNAMIC_NO_PIC = NO;
				GCC_NO_COMMON_BLOCKS = YES;
				GCC_OPTIMIZATION_LEVEL = 0;
				GCC_PREPROCESSOR_DEFINITIONS = (
					"DEBUG=1",
					"$(inherited)",
				);
				GCC_WARN_64_TO_32_BIT_CONVERSION = YES;
				GCC_WARN_ABOUT_RETURN_TYPE = YES_ERROR;
				GCC_WARN_UNDECLARED_SELECTOR = YES;
				GCC_WARN_UNINITIALIZED_AUTOS = YES_AGGRESSIVE;
				GCC_WARN_UNUSED_FUNCTION = YES;
				GCC_WARN_UNUSED_VARIABLE = YES;
				LOCALIZATION_PREFERS_STRING_CATALOGS = YES;
				MACOSX_DEPLOYMENT_TARGET = 14.3;
				MTL_ENABLE_DEBUG_INFO = INCLUDE_SOURCE;
				MTL_FAST_MATH = YES;
				ONLY_ACTIVE_ARCH = YES;
				SDKROOT = macosx;
				SWIFT_ACTIVE_COMPILATION_CONDITIONS = "DEBUG $(inherited)";
				SWIFT_OPTIMIZATION_LEVEL = "-Onone";
			};
			name = Debug;
		};
		12927E682BBE3C23008C5826 /* Release */ = {
			isa = XCBuildConfiguration;
			buildSettings = {
				ALWAYS_SEARCH_USER_PATHS = NO;
				ASSETCATALOG_COMPILER_GENERATE_SWIFT_ASSET_SYMBOL_EXTENSIONS = YES;
				CLANG_ANALYZER_NONNULL = YES;
				CLANG_ANALYZER_NUMBER_OBJECT_CONVERSION = YES_AGGRESSIVE;
				CLANG_CXX_LANGUAGE_STANDARD = "gnu++20";
				CLANG_ENABLE_MODULES = YES;
				CLANG_ENABLE_OBJC_ARC = YES;
				CLANG_ENABLE_OBJC_WEAK = YES;
				CLANG_WARN_BLOCK_CAPTURE_AUTORELEASING = YES;
				CLANG_WARN_BOOL_CONVERSION = YES;
				CLANG_WARN_COMMA = YES;
				CLANG_WARN_CONSTANT_CONVERSION = YES;
				CLANG_WARN_DEPRECATED_OBJC_IMPLEMENTATIONS = YES;
				CLANG_WARN_DIRECT_OBJC_ISA_USAGE = YES_ERROR;
				CLANG_WARN_DOCUMENTATION_COMMENTS = YES;
				CLANG_WARN_EMPTY_BODY = YES;
				CLANG_WARN_ENUM_CONVERSION = YES;
				CLANG_WARN_INFINITE_RECURSION = YES;
				CLANG_WARN_INT_CONVERSION = YES;
				CLANG_WARN_NON_LITERAL_NULL_CONVERSION = YES;
				CLANG_WARN_OBJC_IMPLICIT_RETAIN_SELF = YES;
				CLANG_WARN_OBJC_LITERAL_CONVERSION = YES;
				CLANG_WARN_OBJC_ROOT_CLASS = YES_ERROR;
				CLANG_WARN_QUOTED_INCLUDE_IN_FRAMEWORK_HEADER = YES;
				CLANG_WARN_RANGE_LOOP_ANALYSIS = YES;
				CLANG_WARN_STRICT_PROTOTYPES = YES;
				CLANG_WARN_SUSPICIOUS_MOVE = YES;
				CLANG_WARN_UNGUARDED_AVAILABILITY = YES_AGGRESSIVE;
				CLANG_WARN_UNREACHABLE_CODE = YES;
				CLANG_WARN__DUPLICATE_METHOD_MATCH = YES;
				COPY_PHASE_STRIP = NO;
				DEBUG_INFORMATION_FORMAT = "dwarf-with-dsym";
				ENABLE_NS_ASSERTIONS = NO;
				ENABLE_STRICT_OBJC_MSGSEND = YES;
				ENABLE_USER_SCRIPT_SANDBOXING = YES;
				GCC_C_LANGUAGE_STANDARD = gnu17;
				GCC_NO_COMMON_BLOCKS = YES;
				GCC_WARN_64_TO_32_BIT_CONVERSION = YES;
				GCC_WARN_ABOUT_RETURN_TYPE = YES_ERROR;
				GCC_WARN_UNDECLARED_SELECTOR = YES;
				GCC_WARN_UNINITIALIZED_AUTOS = YES_AGGRESSIVE;
				GCC_WARN_UNUSED_FUNCTION = YES;
				GCC_WARN_UNUSED_VARIABLE = YES;
				LOCALIZATION_PREFERS_STRING_CATALOGS = YES;
				MACOSX_DEPLOYMENT_TARGET = 14.3;
				MTL_ENABLE_DEBUG_INFO = NO;
				MTL_FAST_MATH = YES;
				SDKROOT = macosx;
				SWIFT_COMPILATION_MODE = wholemodule;
			};
			name = Release;
		};
		12927E6A2BBE3C23008C5826 /* Debug */ = {
			isa = XCBuildConfiguration;
			buildSettings = {
				CODE_SIGN_STYLE = Automatic;
				DEVELOPMENT_TEAM = 34X3BT977M;
				ENABLE_HARDENED_RUNTIME = YES;
				PRODUCT_NAME = "$(TARGET_NAME)";
				SWIFT_VERSION = 5.0;
			};
			name = Debug;
		};
		12927E6B2BBE3C23008C5826 /* Release */ = {
			isa = XCBuildConfiguration;
			buildSettings = {
				CODE_SIGN_STYLE = Automatic;
				DEVELOPMENT_TEAM = 34X3BT977M;
				ENABLE_HARDENED_RUNTIME = YES;
				PRODUCT_NAME = "$(TARGET_NAME)";
				SWIFT_VERSION = 5.0;
			};
			name = Release;
		};
		12927E752BBE3C34008C5826 /* Debug */ = {
			isa = XCBuildConfiguration;
			buildSettings = {
				CODE_SIGN_STYLE = Automatic;
				CURRENT_PROJECT_VERSION = 1;
				DEVELOPMENT_TEAM = 34X3BT977M;
				GENERATE_INFOPLIST_FILE = YES;
				IPHONEOS_DEPLOYMENT_TARGET = 17.4;
				MACOSX_DEPLOYMENT_TARGET = 14.3;
				MARKETING_VERSION = 1.0;
				PRODUCT_BUNDLE_IDENTIFIER = com.minseok.BaseBallTest;
				PRODUCT_NAME = "$(TARGET_NAME)";
				SDKROOT = auto;
				SUPPORTED_PLATFORMS = "iphoneos iphonesimulator macosx";
				SWIFT_EMIT_LOC_STRINGS = NO;
				SWIFT_VERSION = 5.0;
				TARGETED_DEVICE_FAMILY = "1,2";
			};
			name = Debug;
		};
		12927E762BBE3C34008C5826 /* Release */ = {
			isa = XCBuildConfiguration;
			buildSettings = {
				CODE_SIGN_STYLE = Automatic;
				CURRENT_PROJECT_VERSION = 1;
				DEVELOPMENT_TEAM = 34X3BT977M;
				GENERATE_INFOPLIST_FILE = YES;
				IPHONEOS_DEPLOYMENT_TARGET = 17.4;
				MACOSX_DEPLOYMENT_TARGET = 14.3;
				MARKETING_VERSION = 1.0;
				PRODUCT_BUNDLE_IDENTIFIER = com.minseok.BaseBallTest;
				PRODUCT_NAME = "$(TARGET_NAME)";
				SDKROOT = auto;
				SUPPORTED_PLATFORMS = "iphoneos iphonesimulator macosx";
				SWIFT_EMIT_LOC_STRINGS = NO;
				SWIFT_VERSION = 5.0;
				TARGETED_DEVICE_FAMILY = "1,2";
			};
			name = Release;
		};
/* End XCBuildConfiguration section */

/* Begin XCConfigurationList section */
		12927E5D2BBE3C23008C5826 /* Build configuration list for PBXProject "BaseBall" */ = {
			isa = XCConfigurationList;
			buildConfigurations = (
				12927E672BBE3C23008C5826 /* Debug */,
				12927E682BBE3C23008C5826 /* Release */,
			);
			defaultConfigurationIsVisible = 0;
			defaultConfigurationName = Release;
		};
		12927E692BBE3C23008C5826 /* Build configuration list for PBXNativeTarget "BaseBall" */ = {
			isa = XCConfigurationList;
			buildConfigurations = (
				12927E6A2BBE3C23008C5826 /* Debug */,
				12927E6B2BBE3C23008C5826 /* Release */,
			);
			defaultConfigurationIsVisible = 0;
			defaultConfigurationName = Release;
		};
		12927E742BBE3C34008C5826 /* Build configuration list for PBXNativeTarget "BaseBallTest" */ = {
			isa = XCConfigurationList;
			buildConfigurations = (
				12927E752BBE3C34008C5826 /* Debug */,
				12927E762BBE3C34008C5826 /* Release */,
			);
			defaultConfigurationIsVisible = 0;
			defaultConfigurationName = Release;
		};
/* End XCConfigurationList section */
	};
	rootObject = 12927E5A2BBE3C23008C5826 /* Project object */;
}
